# generated by rye
# use `rye lock` or `rye sync` to update this lockfile
#
# last locked with the following flags:
#   pre: false
#   features: ["decord"]
#   all-features: false
#   with-sources: false
#   generate-hashes: false
#   universal: false

-e file:.
av==12.3.0
    # via qwen-vl-utils
certifi==2022.12.7
    # via requests
charset-normalizer==2.1.1
    # via requests
decord==0.6.0
    # via qwen-vl-utils
idna==3.4
    # via requests
numpy==1.24.4
    # via decord
packaging==24.1
    # via qwen-vl-utils
pillow==10.2.0
    # via qwen-vl-utils
requests==2.28.1
    # via qwen-vl-utils
urllib3==1.26.13
    # via requests
