# generated by rye
# use `rye lock` or `rye sync` to update this lockfile
#
# last locked with the following flags:
#   pre: false
#   features: []
#   all-features: false
#   with-sources: false
#   generate-hashes: false

-e file:.
certifi==2022.12.7
    # via requests
charset-normalizer==2.1.1
    # via requests
idna==3.4
    # via requests
pillow==10.2.0
    # via qwen-vl-utils
requests==2.28.1
    # via qwen-vl-utils
urllib3==1.26.13
    # via requests
